
Microsoft Visual Studio Solution File, Format Version 12.00
# Visual Studio Version 17
VisualStudioVersion = 17.0.31903.59
MinimumVisualStudioVersion = 10.0.40219.1
Project("{2150E333-8FDC-42A3-9474-1A3956D46DE8}") = "src", "src", "{02EA681E-C7D8-13C7-8484-4AC65E1B71E8}"
EndProject
Project("{FAE04EC0-301F-11D3-BF4B-00C04F79EFBC}") = "Shared", "Shared\Shared.csproj", "{400139F1-8FC3-4665-A5A7-943CE40DE7A9}"
EndProject
Project("{FAE04EC0-301F-11D3-BF4B-00C04F79EFBC}") = "Infrastructure", "Infrastructure\Infrastructure.csproj", "{7767739A-8694-41C5-BCC0-D00527E4DBCC}"
EndProject
Project("{FAE04EC0-301F-11D3-BF4B-00C04F79EFBC}") = "Domain", "Domain\Domain.csproj", "{0A87A1E2-9E9D-4E38-AD57-9505BC0DED08}"
EndProject
Project("{FAE04EC0-301F-11D3-BF4B-00C04F79EFBC}") = "Application", "Application\Application.csproj", "{D6A41C71-04C4-4E93-957E-16FA9823AA7F}"
EndProject
Project("{FAE04EC0-301F-11D3-BF4B-00C04F79EFBC}") = "API", "API\API.csproj", "{DB263CE6-F0C4-480D-B9BF-698D4A7B1CBE}"
EndProject
Project("{2150E333-8FDC-42A3-9474-1A3956D46DE8}") = "tests", "tests", "{67307529-56F7-446F-8306-127F8CFBAD73}"
EndProject
Project("{FAE04EC0-301F-11D3-BF4B-00C04F79EFBC}") = "Tests.Unit", "Tests.Unit\Tests.Unit.csproj", "{E2259E8B-04C8-4E8F-A64A-02297472CCBE}"
EndProject
Global
	GlobalSection(SolutionConfigurationPlatforms) = preSolution
		Debug|Any CPU = Debug|Any CPU
		Release|Any CPU = Release|Any CPU
	EndGlobalSection
	GlobalSection(ProjectConfigurationPlatforms) = postSolution
		{400139F1-8FC3-4665-A5A7-943CE40DE7A9}.Debug|Any CPU.ActiveCfg = Debug|Any CPU
		{400139F1-8FC3-4665-A5A7-943CE40DE7A9}.Debug|Any CPU.Build.0 = Debug|Any CPU
		{400139F1-8FC3-4665-A5A7-943CE40DE7A9}.Release|Any CPU.ActiveCfg = Release|Any CPU
		{400139F1-8FC3-4665-A5A7-943CE40DE7A9}.Release|Any CPU.Build.0 = Release|Any CPU
		{7767739A-8694-41C5-BCC0-D00527E4DBCC}.Debug|Any CPU.ActiveCfg = Debug|Any CPU
		{7767739A-8694-41C5-BCC0-D00527E4DBCC}.Debug|Any CPU.Build.0 = Debug|Any CPU
		{7767739A-8694-41C5-BCC0-D00527E4DBCC}.Release|Any CPU.ActiveCfg = Release|Any CPU
		{7767739A-8694-41C5-BCC0-D00527E4DBCC}.Release|Any CPU.Build.0 = Release|Any CPU
		{0A87A1E2-9E9D-4E38-AD57-9505BC0DED08}.Debug|Any CPU.ActiveCfg = Debug|Any CPU
		{0A87A1E2-9E9D-4E38-AD57-9505BC0DED08}.Debug|Any CPU.Build.0 = Debug|Any CPU
		{0A87A1E2-9E9D-4E38-AD57-9505BC0DED08}.Release|Any CPU.ActiveCfg = Release|Any CPU
		{0A87A1E2-9E9D-4E38-AD57-9505BC0DED08}.Release|Any CPU.Build.0 = Release|Any CPU
		{D6A41C71-04C4-4E93-957E-16FA9823AA7F}.Debug|Any CPU.ActiveCfg = Debug|Any CPU
		{D6A41C71-04C4-4E93-957E-16FA9823AA7F}.Debug|Any CPU.Build.0 = Debug|Any CPU
		{D6A41C71-04C4-4E93-957E-16FA9823AA7F}.Release|Any CPU.ActiveCfg = Release|Any CPU
		{D6A41C71-04C4-4E93-957E-16FA9823AA7F}.Release|Any CPU.Build.0 = Release|Any CPU
		{DB263CE6-F0C4-480D-B9BF-698D4A7B1CBE}.Debug|Any CPU.ActiveCfg = Debug|Any CPU
		{DB263CE6-F0C4-480D-B9BF-698D4A7B1CBE}.Debug|Any CPU.Build.0 = Debug|Any CPU
		{DB263CE6-F0C4-480D-B9BF-698D4A7B1CBE}.Release|Any CPU.ActiveCfg = Release|Any CPU
		{DB263CE6-F0C4-480D-B9BF-698D4A7B1CBE}.Release|Any CPU.Build.0 = Release|Any CPU
		{E2259E8B-04C8-4E8F-A64A-02297472CCBE}.Debug|Any CPU.ActiveCfg = Debug|Any CPU
		{E2259E8B-04C8-4E8F-A64A-02297472CCBE}.Debug|Any CPU.Build.0 = Debug|Any CPU
		{E2259E8B-04C8-4E8F-A64A-02297472CCBE}.Release|Any CPU.ActiveCfg = Release|Any CPU
		{E2259E8B-04C8-4E8F-A64A-02297472CCBE}.Release|Any CPU.Build.0 = Release|Any CPU
	EndGlobalSection
	GlobalSection(SolutionProperties) = preSolution
		HideSolutionNode = FALSE
	EndGlobalSection
	GlobalSection(NestedProjects) = preSolution
		{400139F1-8FC3-4665-A5A7-943CE40DE7A9} = {02EA681E-C7D8-13C7-8484-4AC65E1B71E8}
		{7767739A-8694-41C5-BCC0-D00527E4DBCC} = {02EA681E-C7D8-13C7-8484-4AC65E1B71E8}
		{0A87A1E2-9E9D-4E38-AD57-9505BC0DED08} = {02EA681E-C7D8-13C7-8484-4AC65E1B71E8}
		{D6A41C71-04C4-4E93-957E-16FA9823AA7F} = {02EA681E-C7D8-13C7-8484-4AC65E1B71E8}
		{DB263CE6-F0C4-480D-B9BF-698D4A7B1CBE} = {02EA681E-C7D8-13C7-8484-4AC65E1B71E8}
		{E2259E8B-04C8-4E8F-A64A-02297472CCBE} = {67307529-56F7-446F-8306-127F8CFBAD73}
	EndGlobalSection
	GlobalSection(ExtensibilityGlobals) = postSolution
		SolutionGuid = {05CAEEED-C246-40C9-AB8C-261ADFB0F710}
	EndGlobalSection
EndGlobal
